{
  "name": "gadget-sidebar-recent-changes",
  "version": "1.0.0",
  "lockfileVersion": 3,
  "requires": true,
  "packages": {
    "": {
      "name": "gadget-sidebar-recent-changes",
      "version": "1.0.0",
      "license": "CC-BY-NC-SA-4.0",
      "devDependencies": {
        "@types/jquery": "^3.5.32",
        "@types/node": "^24.0.3",
        "prettier": "^3.5.3",
        "types-mediawiki": "^1.10.1"
      }
    },
    "node_modules/@types/jquery": {
      "version": "3.5.32",
      "resolved": "https://registry.npmjs.org/@types/jquery/-/jquery-3.5.32.tgz",
      "integrity": "sha512-b9Xbf4CkMqS02YH8zACqN1xzdxc3cO735Qe5AbSUFmyOiaWAbcpqh9Wna+Uk0vgACvoQHpWDg2rGdHkYPLmCiQ==",
      "dev": true,
      "license": "MIT",
      "dependencies": {
        "@types/sizzle": "*"
      }
    },
    "node_modules/@types/node": {
      "version": "24.0.3",
      "resolved": "https://registry.npmjs.org/@types/node/-/node-24.0.3.tgz",
      "integrity": "sha512-R4I/kzCYAdRLzfiCabn9hxWfbuHS573x+r0dJMkkzThEa7pbrcDWK+9zu3e7aBOouf+rQAciqPFMnxwr0aWgKg==",
      "dev": true,
      "license": "MIT",
      "dependencies": {
        "undici-types": "~7.8.0"
      }
    },
    "node_modules/@types/oojs": {
      "version": "7.0.7",
      "resolved": "https://registry.npmjs.org/@types/oojs/-/oojs-7.0.7.tgz",
      "integrity": "sha512-l99Ab1s+EhCWR/38z5VI3aimTT9QZNjpd3JlJnECHXq6uJ/osLchkkhVfY7ANeOMVT978LawYO4JyOYPQO7VLQ==",
      "dev": true,
      "license": "MIT"
    },
    "node_modules/@types/oojs-ui": {
      "version": "0.46.4",
      "resolved": "https://registry.npmjs.org/@types/oojs-ui/-/oojs-ui-0.46.4.tgz",
      "integrity": "sha512-tpQyPjxr6FhMRNaactbjNXkr4uCsKNQMOVNJiAO5AvzxoPddChNZp4gG37Pm80jAeDP11k9ww4durnEjzqqKsQ==",
      "dev": true,
      "license": "MIT",
      "dependencies": {
        "@types/jquery": "*",
        "@types/oojs": "*"
      }
    },
    "node_modules/@types/sizzle": {
      "version": "2.3.9",
      "resolved": "https://registry.npmjs.org/@types/sizzle/-/sizzle-2.3.9.tgz",
      "integrity": "sha512-xzLEyKB50yqCUPUJkIsrVvoWNfFUbIZI+RspLWt8u+tIW/BetMBZtgV2LY/2o+tYH8dRvQ+eoPf3NdhQCcLE2w==",
      "dev": true,
      "license": "MIT"
    },
    "node_modules/prettier": {
      "version": "3.5.3",
      "resolved": "https://registry.npmjs.org/prettier/-/prettier-3.5.3.tgz",
      "integrity": "sha512-QQtaxnoDJeAkDvDKWCLiwIXkTgRhwYDEQCghU9Z6q03iyek/rxRh/2lC3HB7P8sWT2xC/y5JDctPLBIGzHKbhw==",
      "dev": true,
      "license": "MIT",
      "bin": {
        "prettier": "bin/prettier.cjs"
      },
      "engines": {
        "node": ">=14"
      },
      "funding": {
        "url": "https://github.com/prettier/prettier?sponsor=1"
      }
    },
    "node_modules/types-mediawiki": {
      "version": "1.10.1",
      "resolved": "https://registry.npmjs.org/types-mediawiki/-/types-mediawiki-1.10.1.tgz",
      "integrity": "sha512-4TLcsy/lbfpLwwIn2l6lBxCzYYMAsJuQUmwfhkcEWA9yMzBpfcSvfcQQbiTUJPOe4UVghc2BI/3GcPkwXr412Q==",
      "dev": true,
      "license": "GPL-3.0-or-later",
      "dependencies": {
        "@types/jquery": "^3.5.5",
        "@types/oojs-ui": "^0.46.0"
      },
      "peerDependencies": {
        "vue": "3.2.23 || 3.2.37 || 3.3.9 || 3.4.27"
      },
      "peerDependenciesMeta": {
        "vue": {
          "optional": true
        }
      }
    },
    "node_modules/undici-types": {
      "version": "7.8.0",
      "resolved": "https://registry.npmjs.org/undici-types/-/undici-types-7.8.0.tgz",
      "integrity": "sha512-9UJ2xGDvQ43tYyVMpuHlsgApydB8ZKfVYTsLDhXkFL/6gfkp+U8xTGdh8pMJv1SpZna0zxG1DwsKZsreLbXBxw==",
      "dev": true,
      "license": "MIT"
    }
  }
}